
Microsoft Visual Studio Solution File, Format Version 12.00
# Visual Studio Version 17
VisualStudioVersion = 17.7.34202.233
MinimumVisualStudioVersion = 10.0.40219.1
Project("{888888A0-9F3D-457C-B088-3A5042F75D52}") = "Naive Bayes", "Naive Bayes\Naive Bayes.pyproj", "{F976D93D-0236-4D98-B818-CC478F5CC258}"
EndProject
Global
	GlobalSection(SolutionConfigurationPlatforms) = preSolution
		Debug|Any CPU = Debug|Any CPU
		Release|Any CPU = Release|Any CPU
	EndGlobalSection
	GlobalSection(ProjectConfigurationPlatforms) = postSolution
		{F976D93D-0236-4D98-B818-CC478F5CC258}.Debug|Any CPU.ActiveCfg = Debug|Any CPU
		{F976D93D-0236-4D98-B818-CC478F5CC258}.Release|Any CPU.ActiveCfg = Release|Any CPU
	EndGlobalSection
	GlobalSection(SolutionProperties) = preSolution
		HideSolutionNode = FALSE
	EndGlobalSection
	GlobalSection(ExtensibilityGlobals) = postSolution
		SolutionGuid = {F9ED2428-5978-4AEE-9E0A-B1A8B607307B}
	EndGlobalSection
EndGlobal
